
Microsoft Visual Studio Solution File, Format Version 12.00
# Visual Studio 15
VisualStudioVersion = 15.0.28010.2026
MinimumVisualStudioVersion = 10.0.40219.1
Project("{FAE04EC0-301F-11D3-BF4B-00C04F79EFBC}") = "server1", "server1\server1.csproj", "{35FC6251-DE28-4F25-BFEA-1563DF28568E}"
EndProject
Global
	GlobalSection(SolutionConfigurationPlatforms) = preSolution
		Debug|Any CPU = Debug|Any CPU
		Release|Any CPU = Release|Any CPU
	EndGlobalSection
	GlobalSection(ProjectConfigurationPlatforms) = postSolution
		{35FC6251-DE28-4F25-BFEA-1563DF28568E}.Debug|Any CPU.ActiveCfg = Debug|Any CPU
		{35FC6251-DE28-4F25-BFEA-1563DF28568E}.Debug|Any CPU.Build.0 = Debug|Any CPU
		{35FC6251-DE28-4F25-BFEA-1563DF28568E}.Release|Any CPU.ActiveCfg = Release|Any CPU
		{35FC6251-DE28-4F25-BFEA-1563DF28568E}.Release|Any CPU.Build.0 = Release|Any CPU
	EndGlobalSection
	GlobalSection(SolutionProperties) = preSolution
		HideSolutionNode = FALSE
	EndGlobalSection
	GlobalSection(ExtensibilityGlobals) = postSolution
		SolutionGuid = {B185D098-1314-4268-84C5-831A12283C39}
	EndGlobalSection
EndGlobal
